{
  "version": "4",
  "specifiers": {
    "jsr:@std/encoding@*": "1.0.6",
    "jsr:@std/fs@*": "1.0.6",
    "jsr:@std/path@*": "1.0.8",
    "jsr:@std/path@^1.0.8": "1.0.8"
  },
  "jsr": {
    "@std/encoding@1.0.6": {
      "integrity": "ca87122c196e8831737d9547acf001766618e78cd8c33920776c7f5885546069"
    },
    "@std/fs@1.0.6": {
      "integrity": "42b56e1e41b75583a21d5a37f6a6a27de9f510bcd36c0c85791d685ca0b85fa2",
      "dependencies": [
        "jsr:@std/path@^1.0.8"
      ]
    },
    "@std/path@1.0.8": {
      "integrity": "548fa456bb6a04d3c1a1e7477986b6cffbce95102d0bb447c67c4ee70e0364be"
    }
  },
  "workspace": {
    "dependencies": [
      "npm:astro@*"
    ],
    "packageJson": {
      "dependencies": [
        "npm:@astro-community/astro-embed-youtube@~0.5.6",
        "npm:@astrojs/mdx@^4.0.2",
        "npm:@astrojs/react@^4.1.1",
        "npm:@astrojs/rss@^4.0.10",
        "npm:@astrojs/sitemap@^3.2.1",
        "npm:@astrojs/tailwind@^5.1.3",
        "npm:@astrojs/vercel@^8.0.1",
        "npm:@deno/vite-plugin@^1.0.2",
        "npm:@fontsource/fira-code@^5.1.0",
        "npm:@fontsource/fira-sans@^5.1.0",
        "npm:@headlessui/react@^2.2.0",
        "npm:@iconify-json/heroicons@^1.2.2",
        "npm:@iconify-json/simple-icons@^1.2.16",
        "npm:@tailwindcss/typography@~0.5.15",
        "npm:@types/react-dom@^19.0.2",
        "npm:@types/react@^19.0.2",
        "npm:@vercel/analytics@^1.4.1",
        "npm:@vercel/og@~0.6.4",
        "npm:@vercel/speed-insights@^1.1.0",
        "npm:astro-icon@^1.1.4",
        "npm:astro-robots-txt@1",
        "npm:astro-seo@~0.8.4",
        "npm:astro@^5.1.1",
        "npm:globals@^15.13.0",
        "npm:react-compiler-runtime@^19.0.0-beta-201e55d-20241215",
        "npm:react-dom@19",
        "npm:react@19",
        "npm:rehype-external-links@3",
        "npm:sharp-ico@~0.1.5",
        "npm:sharp@~0.33.5",
        "npm:tailwindcss@^3.4.16"
      ]
    }
  }
}
